
Microsoft Visual Studio Solution File, Format Version 12.00
# Visual Studio Version 16
VisualStudioVersion = 16.0.30320.27
MinimumVisualStudioVersion = 10.0.40219.1
Project("{9A19103F-16F7-4668-BE54-9A1E7A4F7556}") = "FunctionalAPI.Data", "FunctionalAPI.Data\FunctionalAPI.Data.csproj", "{F611D346-495D-447A-8B03-2F70154054AD}"
EndProject
Project("{9A19103F-16F7-4668-BE54-9A1E7A4F7556}") = "FunctionalAPI.Domain", "FunctionalAPI.Domain\FunctionalAPI.Domain.csproj", "{1D501230-EA25-4C7F-8C8F-0578337F0EA1}"
EndProject
Project("{9A19103F-16F7-4668-BE54-9A1E7A4F7556}") = "FunctionalAPI.Business", "FunctionalAPI.Business\FunctionalAPI.Business.csproj", "{D7E84592-EC25-4638-85F5-FF32037A98DC}"
EndProject
Project("{9A19103F-16F7-4668-BE54-9A1E7A4F7556}") = "FunctionalAPI.Core", "FunctionalAPI.Core\FunctionalAPI.Core.csproj", "{1BC428C7-61DF-44EA-96C0-07A2B1C7887F}"
EndProject
Project("{FAE04EC0-301F-11D3-BF4B-00C04F79EFBC}") = "FunctionalAPI.API", "FunctionalAPI.API\FunctionalAPI.API.csproj", "{A53D2C2B-9E86-4247-962E-BF5D04186532}"
EndProject
Global
	GlobalSection(SolutionConfigurationPlatforms) = preSolution
		Debug|Any CPU = Debug|Any CPU
		Release|Any CPU = Release|Any CPU
	EndGlobalSection
	GlobalSection(ProjectConfigurationPlatforms) = postSolution
		{F611D346-495D-447A-8B03-2F70154054AD}.Debug|Any CPU.ActiveCfg = Debug|Any CPU
		{F611D346-495D-447A-8B03-2F70154054AD}.Debug|Any CPU.Build.0 = Debug|Any CPU
		{F611D346-495D-447A-8B03-2F70154054AD}.Release|Any CPU.ActiveCfg = Release|Any CPU
		{F611D346-495D-447A-8B03-2F70154054AD}.Release|Any CPU.Build.0 = Release|Any CPU
		{1D501230-EA25-4C7F-8C8F-0578337F0EA1}.Debug|Any CPU.ActiveCfg = Debug|Any CPU
		{1D501230-EA25-4C7F-8C8F-0578337F0EA1}.Debug|Any CPU.Build.0 = Debug|Any CPU
		{1D501230-EA25-4C7F-8C8F-0578337F0EA1}.Release|Any CPU.ActiveCfg = Release|Any CPU
		{1D501230-EA25-4C7F-8C8F-0578337F0EA1}.Release|Any CPU.Build.0 = Release|Any CPU
		{D7E84592-EC25-4638-85F5-FF32037A98DC}.Debug|Any CPU.ActiveCfg = Debug|Any CPU
		{D7E84592-EC25-4638-85F5-FF32037A98DC}.Debug|Any CPU.Build.0 = Debug|Any CPU
		{D7E84592-EC25-4638-85F5-FF32037A98DC}.Release|Any CPU.ActiveCfg = Release|Any CPU
		{D7E84592-EC25-4638-85F5-FF32037A98DC}.Release|Any CPU.Build.0 = Release|Any CPU
		{1BC428C7-61DF-44EA-96C0-07A2B1C7887F}.Debug|Any CPU.ActiveCfg = Debug|Any CPU
		{1BC428C7-61DF-44EA-96C0-07A2B1C7887F}.Debug|Any CPU.Build.0 = Debug|Any CPU
		{1BC428C7-61DF-44EA-96C0-07A2B1C7887F}.Release|Any CPU.ActiveCfg = Release|Any CPU
		{1BC428C7-61DF-44EA-96C0-07A2B1C7887F}.Release|Any CPU.Build.0 = Release|Any CPU
		{A53D2C2B-9E86-4247-962E-BF5D04186532}.Debug|Any CPU.ActiveCfg = Debug|Any CPU
		{A53D2C2B-9E86-4247-962E-BF5D04186532}.Debug|Any CPU.Build.0 = Debug|Any CPU
		{A53D2C2B-9E86-4247-962E-BF5D04186532}.Release|Any CPU.ActiveCfg = Release|Any CPU
		{A53D2C2B-9E86-4247-962E-BF5D04186532}.Release|Any CPU.Build.0 = Release|Any CPU
	EndGlobalSection
	GlobalSection(SolutionProperties) = preSolution
		HideSolutionNode = FALSE
	EndGlobalSection
	GlobalSection(ExtensibilityGlobals) = postSolution
		SolutionGuid = {CB6D9665-3BC6-490F-AF23-70937A911EF8}
	EndGlobalSection
EndGlobal
